
Microsoft Visual Studio Solution File, Format Version 12.00
# Visual Studio 15
VisualStudioVersion = 15.0.28307.421
MinimumVisualStudioVersion = 10.0.40219.1
Project("{FAE04EC0-301F-11D3-BF4B-00C04F79EFBC}") = "Windsor", "Windsor\Windsor.csproj", "{5611A6D2-968C-4B19-831C-C8398C3057B6}"
EndProject
Project("{FAE04EC0-301F-11D3-BF4B-00C04F79EFBC}") = "AL", "AL\AL.csproj", "{5ED9F75B-5A8D-4652-9718-3B3D51E1DD0E}"
EndProject
Project("{FAE04EC0-301F-11D3-BF4B-00C04F79EFBC}") = "InterceptorProject", "InterceptorProject\InterceptorProject.csproj", "{C5D569F5-5C2D-4BDC-83A9-153B48369B93}"
EndProject
Global
	GlobalSection(SolutionConfigurationPlatforms) = preSolution
		Debug|Any CPU = Debug|Any CPU
		Release|Any CPU = Release|Any CPU
	EndGlobalSection
	GlobalSection(ProjectConfigurationPlatforms) = postSolution
		{5611A6D2-968C-4B19-831C-C8398C3057B6}.Debug|Any CPU.ActiveCfg = Debug|Any CPU
		{5611A6D2-968C-4B19-831C-C8398C3057B6}.Debug|Any CPU.Build.0 = Debug|Any CPU
		{5611A6D2-968C-4B19-831C-C8398C3057B6}.Release|Any CPU.ActiveCfg = Release|Any CPU
		{5611A6D2-968C-4B19-831C-C8398C3057B6}.Release|Any CPU.Build.0 = Release|Any CPU
		{5ED9F75B-5A8D-4652-9718-3B3D51E1DD0E}.Debug|Any CPU.ActiveCfg = Debug|Any CPU
		{5ED9F75B-5A8D-4652-9718-3B3D51E1DD0E}.Debug|Any CPU.Build.0 = Debug|Any CPU
		{5ED9F75B-5A8D-4652-9718-3B3D51E1DD0E}.Release|Any CPU.ActiveCfg = Release|Any CPU
		{5ED9F75B-5A8D-4652-9718-3B3D51E1DD0E}.Release|Any CPU.Build.0 = Release|Any CPU
		{C5D569F5-5C2D-4BDC-83A9-153B48369B93}.Debug|Any CPU.ActiveCfg = Debug|Any CPU
		{C5D569F5-5C2D-4BDC-83A9-153B48369B93}.Debug|Any CPU.Build.0 = Debug|Any CPU
		{C5D569F5-5C2D-4BDC-83A9-153B48369B93}.Release|Any CPU.ActiveCfg = Release|Any CPU
		{C5D569F5-5C2D-4BDC-83A9-153B48369B93}.Release|Any CPU.Build.0 = Release|Any CPU
	EndGlobalSection
	GlobalSection(SolutionProperties) = preSolution
		HideSolutionNode = FALSE
	EndGlobalSection
	GlobalSection(ExtensibilityGlobals) = postSolution
		SolutionGuid = {B22369B4-6343-45F6-8E75-1F4142FD4C14}
	EndGlobalSection
EndGlobal
